
Microsoft Visual Studio Solution File, Format Version 12.00
# Visual Studio Version 17
VisualStudioVersion = 17.7.34024.191
MinimumVisualStudioVersion = 10.0.40219.1
Project("{FAE04EC0-301F-11D3-BF4B-00C04F79EFBC}") = "DotNetTrainingBatch4.ConsoleApp", "DotNetTrainingBatch4.ConsoleApp\DotNetTrainingBatch4.ConsoleApp.csproj", "{21B891FD-5475-4B9C-AE02-81FAD4355AAC}"
EndProject
Project("{2150E333-8FDC-42A3-9474-1A3956D46DE8}") = "Document", "Document", "{25C10EF8-D965-402E-881C-2BAB1D7166E4}"
	ProjectSection(SolutionItems) = preProject
		README.md = README.md
	EndProjectSection
EndProject
Global
	GlobalSection(SolutionConfigurationPlatforms) = preSolution
		Debug|Any CPU = Debug|Any CPU
		Release|Any CPU = Release|Any CPU
	EndGlobalSection
	GlobalSection(ProjectConfigurationPlatforms) = postSolution
		{21B891FD-5475-4B9C-AE02-81FAD4355AAC}.Debug|Any CPU.ActiveCfg = Debug|Any CPU
		{21B891FD-5475-4B9C-AE02-81FAD4355AAC}.Debug|Any CPU.Build.0 = Debug|Any CPU
		{21B891FD-5475-4B9C-AE02-81FAD4355AAC}.Release|Any CPU.ActiveCfg = Release|Any CPU
		{21B891FD-5475-4B9C-AE02-81FAD4355AAC}.Release|Any CPU.Build.0 = Release|Any CPU
	EndGlobalSection
	GlobalSection(SolutionProperties) = preSolution
		HideSolutionNode = FALSE
	EndGlobalSection
	GlobalSection(ExtensibilityGlobals) = postSolution
		SolutionGuid = {C464CFAA-6D76-40FA-A4B6-D7A48A858083}
	EndGlobalSection
EndGlobal
